
Microsoft Visual Studio Solution File, Format Version 12.00
# Visual Studio 15
VisualStudioVersion = 15.0.26730.15
MinimumVisualStudioVersion = 10.0.40219.1
Project("{FAE04EC0-301F-11D3-BF4B-00C04F79EFBC}") = "nma3041_1", "nma3041_1.csproj", "{D70F9807-9186-278E-F10F-8457A98F6E88}"
EndProject
Project("{FAE04EC0-301F-11D3-BF4B-00C04F79EFBC}") = "nma3041_1.Plugins", "nma3041_1.Plugins.csproj", "{5E2270B3-D827-C126-1B3C-E36EEFB0BA0C}"
EndProject
Project("{FAE04EC0-301F-11D3-BF4B-00C04F79EFBC}") = "nma3041_1.Editor.Plugins", "nma3041_1.Editor.Plugins.csproj", "{E162C964-A886-F8E5-FA5B-9011646F1334}"
EndProject
Project("{FAE04EC0-301F-11D3-BF4B-00C04F79EFBC}") = "nma3041_1.Editor", "nma3041_1.Editor.csproj", "{661E20D8-2837-E7A9-1C51-D706B64DF159}"
EndProject
Global
	GlobalSection(SolutionConfigurationPlatforms) = preSolution
		Debug|Any CPU = Debug|Any CPU
		Release|Any CPU = Release|Any CPU
	EndGlobalSection
	GlobalSection(ProjectConfigurationPlatforms) = postSolution
		{D70F9807-9186-278E-F10F-8457A98F6E88}.Debug|Any CPU.ActiveCfg = Debug|Any CPU
		{D70F9807-9186-278E-F10F-8457A98F6E88}.Debug|Any CPU.Build.0 = Debug|Any CPU
		{D70F9807-9186-278E-F10F-8457A98F6E88}.Release|Any CPU.ActiveCfg = Release|Any CPU
		{D70F9807-9186-278E-F10F-8457A98F6E88}.Release|Any CPU.Build.0 = Release|Any CPU
		{5E2270B3-D827-C126-1B3C-E36EEFB0BA0C}.Debug|Any CPU.ActiveCfg = Debug|Any CPU
		{5E2270B3-D827-C126-1B3C-E36EEFB0BA0C}.Debug|Any CPU.Build.0 = Debug|Any CPU
		{5E2270B3-D827-C126-1B3C-E36EEFB0BA0C}.Release|Any CPU.ActiveCfg = Release|Any CPU
		{5E2270B3-D827-C126-1B3C-E36EEFB0BA0C}.Release|Any CPU.Build.0 = Release|Any CPU
		{E162C964-A886-F8E5-FA5B-9011646F1334}.Debug|Any CPU.ActiveCfg = Debug|Any CPU
		{E162C964-A886-F8E5-FA5B-9011646F1334}.Debug|Any CPU.Build.0 = Debug|Any CPU
		{E162C964-A886-F8E5-FA5B-9011646F1334}.Release|Any CPU.ActiveCfg = Release|Any CPU
		{E162C964-A886-F8E5-FA5B-9011646F1334}.Release|Any CPU.Build.0 = Release|Any CPU
		{661E20D8-2837-E7A9-1C51-D706B64DF159}.Debug|Any CPU.ActiveCfg = Debug|Any CPU
		{661E20D8-2837-E7A9-1C51-D706B64DF159}.Debug|Any CPU.Build.0 = Debug|Any CPU
		{661E20D8-2837-E7A9-1C51-D706B64DF159}.Release|Any CPU.ActiveCfg = Release|Any CPU
		{661E20D8-2837-E7A9-1C51-D706B64DF159}.Release|Any CPU.Build.0 = Release|Any CPU
	EndGlobalSection
	GlobalSection(SolutionProperties) = preSolution
		HideSolutionNode = FALSE
	EndGlobalSection
	GlobalSection(ExtensibilityGlobals) = postSolution
		SolutionGuid = {450313A5-E46E-4F08-9981-996E7C6F0CCE}
	EndGlobalSection
EndGlobal
